
Microsoft Visual Studio Solution File, Format Version 12.00
# Visual Studio Version 16
VisualStudioVersion = 16.0.29306.81
MinimumVisualStudioVersion = 10.0.40219.1
Project("{888888A0-9F3D-457C-B088-3A5042F75D52}") = "文件删除v1.4", "PythonApplication32\文件删除v1.4.pyproj", "{AD211372-5085-4012-9285-794E53356F28}"
EndProject
Global
	GlobalSection(SolutionConfigurationPlatforms) = preSolution
		Debug|Any CPU = Debug|Any CPU
		Release|Any CPU = Release|Any CPU
	EndGlobalSection
	GlobalSection(ProjectConfigurationPlatforms) = postSolution
		{AD211372-5085-4012-9285-794E53356F28}.Debug|Any CPU.ActiveCfg = Debug|Any CPU
		{AD211372-5085-4012-9285-794E53356F28}.Release|Any CPU.ActiveCfg = Release|Any CPU
	EndGlobalSection
	GlobalSection(SolutionProperties) = preSolution
		HideSolutionNode = FALSE
	EndGlobalSection
	GlobalSection(ExtensibilityGlobals) = postSolution
		SolutionGuid = {50589334-120C-47DE-A787-BD9AC578DFAF}
	EndGlobalSection
EndGlobal
